{
	"name": "front",
	"lockfileVersion": 2,
	"requires": true,
	"packages": {
		"": {
			"dependencies": {
				"preact": "^10.11.2",
				"preact-iso": "^2.3.1",
				"preact-router": "^4.1.0"
			},
			"devDependencies": {
				"wmr": "^3.8.0"
			}
		},
		"node_modules/preact": {
			"version": "10.11.2",
			"license": "MIT",
			"funding": {
				"type": "opencollective",
				"url": "https://opencollective.com/preact"
			}
		},
		"node_modules/preact-iso": {
			"version": "2.3.1",
			"license": "MIT",
			"peerDependencies": {
				"preact": ">=10",
				"preact-render-to-string": ">=5"
			}
		},
		"node_modules/preact-render-to-string": {
			"version": "5.2.6",
			"license": "MIT",
			"peer": true,
			"dependencies": {
				"pretty-format": "^3.8.0"
			},
			"peerDependencies": {
				"preact": ">=10"
			}
		},
		"node_modules/preact-router": {
			"version": "4.1.0",
			"license": "MIT",
			"peerDependencies": {
				"preact": ">=10"
			}
		},
		"node_modules/pretty-format": {
			"version": "3.8.0",
			"license": "MIT",
			"peer": true
		},
		"node_modules/wmr": {
			"version": "3.8.0",
			"dev": true,
			"license": "MIT",
			"bin": {
				"wmr": "wmr.cjs"
			},
			"engines": {
				"node": ">=12.17.x"
			}
		}
	},
	"dependencies": {
		"preact": {
			"version": "10.11.2"
		},
		"preact-iso": {
			"version": "2.3.1",
			"requires": {}
		},
		"preact-render-to-string": {
			"version": "5.2.6",
			"peer": true,
			"requires": {
				"pretty-format": "^3.8.0"
			}
		},
		"preact-router": {
			"version": "4.1.0",
			"requires": {}
		},
		"pretty-format": {
			"version": "3.8.0",
			"peer": true
		},
		"wmr": {
			"version": "3.8.0",
			"dev": true
		}
	}
}
